
Microsoft Visual Studio Solution File, Format Version 12.00
# Visual Studio 15
VisualStudioVersion = 15.0.26228.4
MinimumVisualStudioVersion = 10.0.40219.1
Project("{9A19103F-16F7-4668-BE54-9A1E7A4F7556}") = "AzureActiveDirectorySearcher", "AzureActiveDirectorySearcher\AzureActiveDirectorySearcher.csproj", "{0B98F633-2D13-4770-8C37-FA7FD41D7E87}"
EndProject
Project("{FAE04EC0-301F-11D3-BF4B-00C04F79EFBC}") = "AzureActiveDirectorySearcherTest", "AzureActiveDirectorySearcherTest\AzureActiveDirectorySearcherTest.csproj", "{90A07033-C5F8-44F0-AB7D-628446F0B20F}"
EndProject
Global
	GlobalSection(SolutionConfigurationPlatforms) = preSolution
		Debug|Any CPU = Debug|Any CPU
		Release|Any CPU = Release|Any CPU
	EndGlobalSection
	GlobalSection(ProjectConfigurationPlatforms) = postSolution
		{0B98F633-2D13-4770-8C37-FA7FD41D7E87}.Debug|Any CPU.ActiveCfg = Debug|Any CPU
		{0B98F633-2D13-4770-8C37-FA7FD41D7E87}.Debug|Any CPU.Build.0 = Debug|Any CPU
		{0B98F633-2D13-4770-8C37-FA7FD41D7E87}.Release|Any CPU.ActiveCfg = Release|Any CPU
		{0B98F633-2D13-4770-8C37-FA7FD41D7E87}.Release|Any CPU.Build.0 = Release|Any CPU
		{90A07033-C5F8-44F0-AB7D-628446F0B20F}.Debug|Any CPU.ActiveCfg = Debug|Any CPU
		{90A07033-C5F8-44F0-AB7D-628446F0B20F}.Debug|Any CPU.Build.0 = Debug|Any CPU
		{90A07033-C5F8-44F0-AB7D-628446F0B20F}.Release|Any CPU.ActiveCfg = Release|Any CPU
		{90A07033-C5F8-44F0-AB7D-628446F0B20F}.Release|Any CPU.Build.0 = Release|Any CPU
	EndGlobalSection
	GlobalSection(SolutionProperties) = preSolution
		HideSolutionNode = FALSE
	EndGlobalSection
EndGlobal
